
Microsoft Visual Studio Solution File, Format Version 12.00
# Visual Studio Version 16
VisualStudioVersion = 16.0.31019.35
MinimumVisualStudioVersion = 10.0.40219.1
Project("{00D1A9C2-B5F0-4AF3-8072-F6C62B433612}") = "DiApp.DB", "DiApp.DB\DiApp.DB.sqlproj", "{47C07562-9E87-413D-9957-BF29CAC383C6}"
EndProject
Global
	GlobalSection(SolutionConfigurationPlatforms) = preSolution
		Debug|Any CPU = Debug|Any CPU
		Release|Any CPU = Release|Any CPU
	EndGlobalSection
	GlobalSection(ProjectConfigurationPlatforms) = postSolution
		{47C07562-9E87-413D-9957-BF29CAC383C6}.Debug|Any CPU.ActiveCfg = Debug|Any CPU
		{47C07562-9E87-413D-9957-BF29CAC383C6}.Debug|Any CPU.Build.0 = Debug|Any CPU
		{47C07562-9E87-413D-9957-BF29CAC383C6}.Debug|Any CPU.Deploy.0 = Debug|Any CPU
		{47C07562-9E87-413D-9957-BF29CAC383C6}.Release|Any CPU.ActiveCfg = Release|Any CPU
		{47C07562-9E87-413D-9957-BF29CAC383C6}.Release|Any CPU.Build.0 = Release|Any CPU
		{47C07562-9E87-413D-9957-BF29CAC383C6}.Release|Any CPU.Deploy.0 = Release|Any CPU
	EndGlobalSection
	GlobalSection(SolutionProperties) = preSolution
		HideSolutionNode = FALSE
	EndGlobalSection
	GlobalSection(ExtensibilityGlobals) = postSolution
		SolutionGuid = {E9477BB1-A54D-4C9D-A497-8D4BC34D139D}
	EndGlobalSection
EndGlobal
